
Microsoft Visual Studio Solution File, Format Version 12.00
Project("{FAE04EC0-301F-11D3-BF4B-00C04F79EFBC}") = "ShadcnBlazor.Test", "ShadcnBlazor.Test\ShadcnBlazor.Test.csproj", "{9B024E6C-BF6B-4301-A69E-586F16CE0647}"
EndProject
Project("{FAE04EC0-301F-11D3-BF4B-00C04F79EFBC}") = "ShadcnBlazor", "ShadcnBlazor\ShadcnBlazor.csproj", "{9860890A-DC9A-4F50-AB1C-6CA698125E6E}"
EndProject
Global
	GlobalSection(SolutionConfigurationPlatforms) = preSolution
		Debug|Any CPU = Debug|Any CPU
		Release|Any CPU = Release|Any CPU
	EndGlobalSection
	GlobalSection(ProjectConfigurationPlatforms) = postSolution
		{9B024E6C-BF6B-4301-A69E-586F16CE0647}.Debug|Any CPU.ActiveCfg = Debug|Any CPU
		{9B024E6C-BF6B-4301-A69E-586F16CE0647}.Debug|Any CPU.Build.0 = Debug|Any CPU
		{9B024E6C-BF6B-4301-A69E-586F16CE0647}.Release|Any CPU.ActiveCfg = Release|Any CPU
		{9B024E6C-BF6B-4301-A69E-586F16CE0647}.Release|Any CPU.Build.0 = Release|Any CPU
		{9860890A-DC9A-4F50-AB1C-6CA698125E6E}.Debug|Any CPU.ActiveCfg = Debug|Any CPU
		{9860890A-DC9A-4F50-AB1C-6CA698125E6E}.Debug|Any CPU.Build.0 = Debug|Any CPU
		{9860890A-DC9A-4F50-AB1C-6CA698125E6E}.Release|Any CPU.ActiveCfg = Release|Any CPU
		{9860890A-DC9A-4F50-AB1C-6CA698125E6E}.Release|Any CPU.Build.0 = Release|Any CPU
	EndGlobalSection
EndGlobal
